PODS:
  - AFNetworking (2.1.0):
    - AFNetworking/NSURLConnection
    - AFNetworking/NSURLSession
    - AFNetworking/Reachability
    - AFNetworking/Security
    - AFNetworking/Serialization
    - AFNetworking/UIKit
  - AFNetworking/NSURLConnection (2.1.0):
    - AFNetworking/Reachability
    - AFNetworking/Security
    - AFNetworking/Serialization
  - AFNetworking/NSURLSession (2.1.0):
    - AFNetworking/NSURLConnection
  - AFNetworking/Reachability (2.1.0)
  - AFNetworking/Security (2.1.0)
  - AFNetworking/Serialization (2.1.0)
  - AFNetworking/UIKit (2.1.0):
    - AFNetworking/NSURLConnection
  - GRMustache (6.8.4):
    - JRSwizzle (~> 1.0)
  - JRSwizzle (1.0)

DEPENDENCIES:
  - AFNetworking
  - GRMustache (~> 6.8.4)

SPEC CHECKSUMS:
  AFNetworking: 7c33510b46f994bc75b75c6e63c1d83414ca40f2
  GRMustache: 182cda4a40255133ac6d2cc4f456669844882735
  JRSwizzle: 30da7a2c539a4ebf954b16d15f6dd8221c9f6fa5

COCOAPODS: 0.33.1
